<?xml version="1.0" encoding="utf-8"?>
<Project ToolsVersion="4.0" xmlns="http://schemas.microsoft.com/developer/msbuild/2003">
  <ItemGroup>
    <Filter Include="Source Files">
      <UniqueIdentifier>{4FC737F1-C7A5-4376-A066-2A32D752A2FF}</UniqueIdentifier>
      <Extensions>cpp;c;cc;cxx;c++;cppm;ixx;def;odl;idl;hpj;bat;asm;asmx</Extensions>
    </Filter>
    <Filter Include="Header Files">
      <UniqueIdentifier>{93995380-89BD-4b04-88EB-625FBE52EBFB}</UniqueIdentifier>
      <Extensions>h;hh;hpp;hxx;h++;hm;inl;inc;ipp;xsd</Extensions>
    </Filter>
    <Filter Include="Resource Files">
      <UniqueIdentifier>{67DA6AB6-F800-4c08-8B7A-83BB121AAD01}</UniqueIdentifier>
      <Extensions>rc;ico;cur;bmp;dlg;rc2;rct;bin;rgs;gif;jpg;jpeg;jpe;resx;tiff;tif;png;wav;mfcribbon-ms</Extensions>
    </Filter>
    <Filter Include="Source Files\Pages">
      <UniqueIdentifier>{81f6313f-caa3-4c87-ba1b-fceea9a59a57}</UniqueIdentifier>
    </Filter>
    <Filter Include="Header Files\Pages">
      <UniqueIdentifier>{a332ce52-c175-42c2-981d-852ab2d472e4}</UniqueIdentifier>
    </Filter>
  </ItemGroup>
  <ItemGroup>
    <ClInclude Include="framework.h">
      <Filter>Header Files</Filter>
    </ClInclude>
    <ClInclude Include="targetver.h">
      <Filter>Header Files</Filter>
    </ClInclude>
    <ClInclude Include="Resource.h">
      <Filter>Header Files</Filter>
    </ClInclude>
    <ClInclude Include="Panther2K.h">
      <Filter>Header Files</Filter>
    </ClInclude>
    <ClInclude Include="WindowsSetup.h">
      <Filter>Header Files</Filter>
    </ClInclude>
    <ClInclude Include="Page.h">
      <Filter>Header Files</Filter>
    </ClInclude>
    <ClInclude Include="WelcomePage.h">
      <Filter>Header Files\Pages</Filter>
    </ClInclude>
    <ClInclude Include="PopupPage.h">
      <Filter>Header Files</Filter>
    </ClInclude>
    <ClInclude Include="..\rapidxml.1.13.0\build\native\include\rapidxml\rapidxml.hpp">
      <Filter>Header Files</Filter>
    </ClInclude>
    <ClInclude Include="QuitingPage.h">
      <Filter>Header Files\Pages</Filter>
    </ClInclude>
    <ClInclude Include="ImageSelectionPage.h">
      <Filter>Header Files\Pages</Filter>
    </ClInclude>
    <ClInclude Include="BootMethodSelectionPage.h">
      <Filter>Header Files\Pages</Filter>
    </ClInclude>
    <ClInclude Include="BootPreparationPage.h">
      <Filter>Header Files\Pages</Filter>
    </ClInclude>
    <ClInclude Include="WimApplyPage.h">
      <Filter>Header Files\Pages</Filter>
    </ClInclude>
    <ClInclude Include="FinalPage.h">
      <Filter>Header Files\Pages</Filter>
    </ClInclude>
    <ClInclude Include="wdkpartial.h">
      <Filter>Header Files</Filter>
    </ClInclude>
    <ClInclude Include="PartitionSelectionPage.h">
      <Filter>Header Files\Pages</Filter>
    </ClInclude>
    <ClInclude Include="MessageBoxPage.h">
      <Filter>Header Files\Pages</Filter>
    </ClInclude>
    <ClInclude Include="iatpatch.h">
      <Filter>Header Files</Filter>
    </ClInclude>
    <ClInclude Include="DiskSelectionPage.h">
      <Filter>Header Files\Pages</Filter>
    </ClInclude>
    <ClInclude Include="WinPartedDll.h">
      <Filter>Header Files</Filter>
    </ClInclude>
  </ItemGroup>
  <ItemGroup>
    <ClCompile Include="Panther2K.cpp">
      <Filter>Source Files</Filter>
    </ClCompile>
    <ClCompile Include="WindowsSetup.cpp">
      <Filter>Source Files</Filter>
    </ClCompile>
    <ClCompile Include="Page.cpp">
      <Filter>Source Files</Filter>
    </ClCompile>
    <ClCompile Include="PopupPage.cpp">
      <Filter>Source Files</Filter>
    </ClCompile>
    <ClCompile Include="QuitingPage.cpp">
      <Filter>Source Files\Pages</Filter>
    </ClCompile>
    <ClCompile Include="WelcomePage.cpp">
      <Filter>Source Files\Pages</Filter>
    </ClCompile>
    <ClCompile Include="ImageSelectionPage.cpp">
      <Filter>Source Files\Pages</Filter>
    </ClCompile>
    <ClCompile Include="BootMethodSelectionPage.cpp">
      <Filter>Source Files\Pages</Filter>
    </ClCompile>
    <ClCompile Include="BootPreparationPage.cpp">
      <Filter>Source Files\Pages</Filter>
    </ClCompile>
    <ClCompile Include="WimApplyPage.cpp">
      <Filter>Source Files\Pages</Filter>
    </ClCompile>
    <ClCompile Include="FinalPage.cpp">
      <Filter>Source Files\Pages</Filter>
    </ClCompile>
    <ClCompile Include="PartitionSelectionPage.cpp">
      <Filter>Source Files\Pages</Filter>
    </ClCompile>
    <ClCompile Include="MessageBoxPage.cpp">
      <Filter>Source Files\Pages</Filter>
    </ClCompile>
    <ClCompile Include="DiskSelectionPage.cpp">
      <Filter>Source Files\Pages</Filter>
    </ClCompile>
    <ClCompile Include="WinPartedDll.cpp">
      <Filter>Source Files</Filter>
    </ClCompile>
  </ItemGroup>
  <ItemGroup>
    <ResourceCompile Include="Panther2K.rc">
      <Filter>Resource Files</Filter>
    </ResourceCompile>
  </ItemGroup>
  <ItemGroup>
    <Image Include="small.ico">
      <Filter>Resource Files</Filter>
    </Image>
    <Image Include="Panther2K.ico">
      <Filter>Resource Files</Filter>
    </Image>
  </ItemGroup>
  <ItemGroup>
    <None Include="rc_data1.bin">
      <Filter>Resource Files</Filter>
    </None>
  </ItemGroup>
</Project>